
Microsoft Visual Studio Solution File, Format Version 12.00
# Visual Studio Version 17
VisualStudioVersion = 17.1.32407.343
MinimumVisualStudioVersion = 10.0.40219.1
Project("{FAE04EC0-301F-11D3-BF4B-00C04F79EFBC}") = "NatIlya1509HW", "NatIlya1509HW.csproj", "{116980B0-4A68-4751-ADBB-56B6FB79184E}"
EndProject
Global
	GlobalSection(SolutionConfigurationPlatforms) = preSolution
		Debug|Any CPU = Debug|Any CPU
		Release|Any CPU = Release|Any CPU
	EndGlobalSection
	GlobalSection(ProjectConfigurationPlatforms) = postSolution
		{116980B0-4A68-4751-ADBB-56B6FB79184E}.Debug|Any CPU.ActiveCfg = Debug|Any CPU
		{116980B0-4A68-4751-ADBB-56B6FB79184E}.Debug|Any CPU.Build.0 = Debug|Any CPU
		{116980B0-4A68-4751-ADBB-56B6FB79184E}.Release|Any CPU.ActiveCfg = Release|Any CPU
		{116980B0-4A68-4751-ADBB-56B6FB79184E}.Release|Any CPU.Build.0 = Release|Any CPU
	EndGlobalSection
	GlobalSection(SolutionProperties) = preSolution
		HideSolutionNode = FALSE
	EndGlobalSection
	GlobalSection(ExtensibilityGlobals) = postSolution
		SolutionGuid = {24BA6A28-5231-4A3F-A537-6D03F45855C7}
	EndGlobalSection
EndGlobal
